
Microsoft Visual Studio Solution File, Format Version 12.00
# Visual Studio Version 17
VisualStudioVersion = 17.10.34607.79
MinimumVisualStudioVersion = 10.0.40219.1
Project("{9A19103F-16F7-4668-BE54-9A1E7A4F7556}") = "ConsoleApp1", "ConsoleApp1\ConsoleApp1.csproj", "{60DA9DC7-5BB8-425B-9A39-F0AAE58C4930}"
EndProject
Project("{9A19103F-16F7-4668-BE54-9A1E7A4F7556}") = "MLModel1_ConsoleApp1", "MLModel1_ConsoleApp1\MLModel1_ConsoleApp1.csproj", "{1CAC56ED-74D2-494B-B7F1-684003E06634}"
EndProject
Global
	GlobalSection(SolutionConfigurationPlatforms) = preSolution
		Debug|Any CPU = Debug|Any CPU
		Release|Any CPU = Release|Any CPU
	EndGlobalSection
	GlobalSection(ProjectConfigurationPlatforms) = postSolution
		{60DA9DC7-5BB8-425B-9A39-F0AAE58C4930}.Debug|Any CPU.ActiveCfg = Debug|Any CPU
		{60DA9DC7-5BB8-425B-9A39-F0AAE58C4930}.Debug|Any CPU.Build.0 = Debug|Any CPU
		{60DA9DC7-5BB8-425B-9A39-F0AAE58C4930}.Release|Any CPU.ActiveCfg = Release|Any CPU
		{60DA9DC7-5BB8-425B-9A39-F0AAE58C4930}.Release|Any CPU.Build.0 = Release|Any CPU
		{1CAC56ED-74D2-494B-B7F1-684003E06634}.Debug|Any CPU.ActiveCfg = Debug|Any CPU
		{1CAC56ED-74D2-494B-B7F1-684003E06634}.Debug|Any CPU.Build.0 = Debug|Any CPU
		{1CAC56ED-74D2-494B-B7F1-684003E06634}.Release|Any CPU.ActiveCfg = Release|Any CPU
		{1CAC56ED-74D2-494B-B7F1-684003E06634}.Release|Any CPU.Build.0 = Release|Any CPU
	EndGlobalSection
	GlobalSection(SolutionProperties) = preSolution
		HideSolutionNode = FALSE
	EndGlobalSection
	GlobalSection(ExtensibilityGlobals) = postSolution
		SolutionGuid = {390F6967-1402-4744-B27D-60232BA16FE1}
	EndGlobalSection
EndGlobal
